
Microsoft Visual Studio Solution File, Format Version 12.00
# Visual Studio Version 16
VisualStudioVersion = 16.0.30330.147
MinimumVisualStudioVersion = 10.0.40219.1
Project("{9A19103F-16F7-4668-BE54-9A1E7A4F7556}") = "CarritoCompra", "CarritoCompra\CarritoCompra.csproj", "{56FCC801-B91B-46D8-BAB6-3661831DB901}"
EndProject
Project("{FAE04EC0-301F-11D3-BF4B-00C04F79EFBC}") = "CarritoCompra.Data", "CarritoCompra.Data\CarritoCompra.Data.csproj", "{98EAFCD5-1046-40FF-8CE3-E58B9AD99608}"
EndProject
Project("{FAE04EC0-301F-11D3-BF4B-00C04F79EFBC}") = "CarritoCompra.Core", "CarritoCompra.Core\CarritoCompra.Core.csproj", "{FD6DE259-B1E0-467F-80B3-C664E415E490}"
EndProject
Global
	GlobalSection(SolutionConfigurationPlatforms) = preSolution
		Debug|Any CPU = Debug|Any CPU
		Release|Any CPU = Release|Any CPU
	EndGlobalSection
	GlobalSection(ProjectConfigurationPlatforms) = postSolution
		{56FCC801-B91B-46D8-BAB6-3661831DB901}.Debug|Any CPU.ActiveCfg = Debug|Any CPU
		{56FCC801-B91B-46D8-BAB6-3661831DB901}.Debug|Any CPU.Build.0 = Debug|Any CPU
		{56FCC801-B91B-46D8-BAB6-3661831DB901}.Release|Any CPU.ActiveCfg = Release|Any CPU
		{56FCC801-B91B-46D8-BAB6-3661831DB901}.Release|Any CPU.Build.0 = Release|Any CPU
		{98EAFCD5-1046-40FF-8CE3-E58B9AD99608}.Debug|Any CPU.ActiveCfg = Debug|Any CPU
		{98EAFCD5-1046-40FF-8CE3-E58B9AD99608}.Debug|Any CPU.Build.0 = Debug|Any CPU
		{98EAFCD5-1046-40FF-8CE3-E58B9AD99608}.Release|Any CPU.ActiveCfg = Release|Any CPU
		{98EAFCD5-1046-40FF-8CE3-E58B9AD99608}.Release|Any CPU.Build.0 = Release|Any CPU
		{FD6DE259-B1E0-467F-80B3-C664E415E490}.Debug|Any CPU.ActiveCfg = Debug|Any CPU
		{FD6DE259-B1E0-467F-80B3-C664E415E490}.Debug|Any CPU.Build.0 = Debug|Any CPU
		{FD6DE259-B1E0-467F-80B3-C664E415E490}.Release|Any CPU.ActiveCfg = Release|Any CPU
		{FD6DE259-B1E0-467F-80B3-C664E415E490}.Release|Any CPU.Build.0 = Release|Any CPU
	EndGlobalSection
	GlobalSection(SolutionProperties) = preSolution
		HideSolutionNode = FALSE
	EndGlobalSection
	GlobalSection(ExtensibilityGlobals) = postSolution
		SolutionGuid = {33FA6AEC-66A3-4333-B7BD-996A0E73DC1C}
	EndGlobalSection
EndGlobal
